
Microsoft Visual Studio Solution File, Format Version 12.00
# Visual Studio Version 17
VisualStudioVersion = 17.13.35931.197 d17.13
MinimumVisualStudioVersion = 10.0.40219.1
Project("{8BC9CEB8-8B4A-11D0-8D11-00A0C91BC942}") = "Sandbox", "Sandbox\Sandbox.vcxproj", "{B0CF2231-C724-449D-B025-1915FEB536BA}"
EndProject
Project("{8BC9CEB8-8B4A-11D0-8D11-00A0C91BC942}") = "HazelBase", "HazelBase\HazelBase.vcxproj", "{E541BC02-6A6A-489F-8C8A-5371E427AC8F}"
EndProject
Global
	GlobalSection(SolutionConfigurationPlatforms) = preSolution
		Debug|x64 = Debug|x64
		Release|x64 = Release|x64
	EndGlobalSection
	GlobalSection(ProjectConfigurationPlatforms) = postSolution
		{E541BC02-6A6A-489F-8C8A-5371E427AC8F}.Debug|x64.ActiveCfg = Debug|x64
		{E541BC02-6A6A-489F-8C8A-5371E427AC8F}.Debug|x64.Build.0 = Debug|x64
		{E541BC02-6A6A-489F-8C8A-5371E427AC8F}.Release|x64.ActiveCfg = Release|x64
		{E541BC02-6A6A-489F-8C8A-5371E427AC8F}.Release|x64.Build.0 = Release|x64
		{B0CF2231-C724-449D-B025-1915FEB536BA}.Debug|x64.ActiveCfg = Debug|x64
		{B0CF2231-C724-449D-B025-1915FEB536BA}.Debug|x64.Build.0 = Debug|x64
		{B0CF2231-C724-449D-B025-1915FEB536BA}.Release|x64.ActiveCfg = Release|x64
		{B0CF2231-C724-449D-B025-1915FEB536BA}.Release|x64.Build.0 = Release|x64
	EndGlobalSection
	GlobalSection(SolutionProperties) = preSolution
		HideSolutionNode = FALSE
	EndGlobalSection
	GlobalSection(ExtensibilityGlobals) = postSolution
		SolutionGuid = {90AC8B0C-8E86-4C66-A773-371EE9E2656B}
	EndGlobalSection
EndGlobal
